{
    "_meta": {
        "hash": {
            "sha256": "47d7014fef4bbd2948b067b42e84b2d9aeeec6765033f997f8b2590aed307af4"
        },
        "pipfile-spec": 6,
        "requires": {
            "python_version": "3.9"
        },
        "sources": [
            {
                "name": "pypi",
                "url": "https://pypi.org/simple",
                "verify_ssl": true
            }
        ]
    },
    "default": {
        "tomlkit": {
            "hashes": [
                "sha256:8c726c4c202bdb148667835f68d68780b9a003a9ec34167b6c673b38eff2a171",
                "sha256:9330fc7faa1db67b541b28e62018c17d20be733177d290a13b24c62d1614e0c3"
            ],
            "index": "pypi",
            "version": "==0.11.8"
        }
    },
    "develop": {}
}
